// !$*UTF8*$!
{
	archiveVersion = 1;
	classes = {
	};
	objectVersion = 55;
	objects = {

/* Begin PBXBuildFile section */
		C472F57A2A6D30A2007AC830 /* tableViewController.swift in Sources */ = {isa = PBXBuildFile; fileRef = C472F5792A6D30A2007AC830 /* tableViewController.swift */; };
		C4DE31D32A4ADE4100BDD0D0 /* AppDelegate.swift in Sources */ = {isa = PBXBuildFile; fileRef = C4DE31D22A4ADE4100BDD0D0 /* AppDelegate.swift */; };
		C4DE31D52A4ADE4100BDD0D0 /* SceneDelegate.swift in Sources */ = {isa = PBXBuildFile; fileRef = C4DE31D42A4ADE4100BDD0D0 /* SceneDelegate.swift */; };
		C4DE31D72A4ADE4100BDD0D0 /* ViewController.swift in Sources */ = {isa = PBXBuildFile; fileRef = C4DE31D62A4ADE4100BDD0D0 /* ViewController.swift */; };
		C4DE31DA2A4ADE4100BDD0D0 /* Main.storyboard in Resources */ = {isa = PBXBuildFile; fileRef = C4DE31D82A4ADE4100BDD0D0 /* Main.storyboard */; };
		C4DE31DD2A4ADE4100BDD0D0 /* Travel_Book.xcdatamodeld in Sources */ = {isa = PBXBuildFile; fileRef = C4DE31DB2A4ADE4100BDD0D0 /* Travel_Book.xcdatamodeld */; };
		C4DE31DF2A4ADE4200BDD0D0 /* Assets.xcassets in Resources */ = {isa = PBXBuildFile; fileRef = C4DE31DE2A4ADE4200BDD0D0 /* Assets.xcassets */; };
		C4DE31E22A4ADE4200BDD0D0 /* LaunchScreen.storyboard in Resources */ = {isa = PBXBuildFile; fileRef = C4DE31E02A4ADE4200BDD0D0 /* LaunchScreen.storyboard */; };
/* End PBXBuildFile section */

/* Begin PBXFileReference section */
		C472F5792A6D30A2007AC830 /* tableViewController.swift */ = {isa = PBXFileReference; lastKnownFileType = sourcecode.swift; path = tableViewController.swift; sourceTree = "<group>"; };
		C4DE31CF2A4ADE4100BDD0D0 /* Travel Book.app */ = {isa = PBXFileReference; explicitFileType = wrapper.application; includeInIndex = 0; path = "Travel Book.app"; sourceTree = BUILT_PRODUCTS_DIR; };
		C4DE31D22A4ADE4100BDD0D0 /* AppDelegate.swift */ = {isa = PBXFileReference; lastKnownFileType = sourcecode.swift; path = AppDelegate.swift; sourceTree = "<group>"; };
		C4DE31D42A4ADE4100BDD0D0 /* SceneDelegate.swift */ = {isa = PBXFileReference; lastKnownFileType = sourcecode.swift; path = SceneDelegate.swift; sourceTree = "<group>"; };
		C4DE31D62A4ADE4100BDD0D0 /* ViewController.swift */ = {isa = PBXFileReference; lastKnownFileType = sourcecode.swift; path = ViewController.swift; sourceTree = "<group>"; };
		C4DE31D92A4ADE4100BDD0D0 /* Base */ = {isa = PBXFileReference; lastKnownFileType = file.storyboard; name = Base; path = Base.lproj/Main.storyboard; sourceTree = "<group>"; };
		C4DE31DC2A4ADE4100BDD0D0 /* Travel_Book.xcdatamodel */ = {isa = PBXFileReference; lastKnownFileType = wrapper.xcdatamodel; path = Travel_Book.xcdatamodel; sourceTree = "<group>"; };
		C4DE31DE2A4ADE4200BDD0D0 /* Assets.xcassets */ = {isa = PBXFileReference; lastKnownFileType = folder.assetcatalog; path = Assets.xcassets; sourceTree = "<group>"; };
		C4DE31E12A4ADE4200BDD0D0 /* Base */ = {isa = PBXFileReference; lastKnownFileType = file.storyboard; name = Base; path = Base.lproj/LaunchScreen.storyboard; sourceTree = "<group>"; };
		C4DE31E32A4ADE4200BDD0D0 /* Info.plist */ = {isa = PBXFileReference; lastKnownFileType = text.plist.xml; path = Info.plist; sourceTree = "<group>"; };
/* End PBXFileReference section */

/* Begin PBXFrameworksBuildPhase section */
		C4DE31CC2A4ADE4100BDD0D0 /* Frameworks */ = {
			isa = PBXFrameworksBuildPhase;
			buildActionMask = 2147483647;
			files = (
			);
			runOnlyForDeploymentPostprocessing = 0;
		};
/* End PBXFrameworksBuildPhase section */

/* Begin PBXGroup section */
		C4DE31C62A4ADE4100BDD0D0 = {
			isa = PBXGroup;
			children = (
				C4DE31D12A4ADE4100BDD0D0 /* Travel Book */,
				C4DE31D02A4ADE4100BDD0D0 /* Products */,
			);
			sourceTree = "<group>";
		};
		C4DE31D02A4ADE4100BDD0D0 /* Products */ = {
			isa = PBXGroup;
			children = (
				C4DE31CF2A4ADE4100BDD0D0 /* Travel Book.app */,
			);
			name = Products;
			sourceTree = "<group>";
		};
		C4DE31D12A4ADE4100BDD0D0 /* Travel Book */ = {
			isa = PBXGroup;
			children = (
				C4DE31D22A4ADE4100BDD0D0 /* AppDelegate.swift */,
				C4DE31D42A4ADE4100BDD0D0 /* SceneDelegate.swift */,
				C4DE31D62A4ADE4100BDD0D0 /* ViewController.swift */,
				C472F5792A6D30A2007AC830 /* tableViewController.swift */,
				C4DE31D82A4ADE4100BDD0D0 /* Main.storyboard */,
				C4DE31DE2A4ADE4200BDD0D0 /* Assets.xcassets */,
				C4DE31E02A4ADE4200BDD0D0 /* LaunchScreen.storyboard */,
				C4DE31E32A4ADE4200BDD0D0 /* Info.plist */,
				C4DE31DB2A4ADE4100BDD0D0 /* Travel_Book.xcdatamodeld */,
			);
			path = "Travel Book";
			sourceTree = "<group>";
		};
/* End PBXGroup section */

/* Begin PBXNativeTarget section */
		C4DE31CE2A4ADE4100BDD0D0 /* Travel Book */ = {
			isa = PBXNativeTarget;
			buildConfigurationList = C4DE31E62A4ADE4200BDD0D0 /* Build configuration list for PBXNativeTarget "Travel Book" */;
			buildPhases = (
				C4DE31CB2A4ADE4100BDD0D0 /* Sources */,
				C4DE31CC2A4ADE4100BDD0D0 /* Frameworks */,
				C4DE31CD2A4ADE4100BDD0D0 /* Resources */,
			);
			buildRules = (
			);
			dependencies = (
			);
			name = "Travel Book";
			productName = "Travel Book";
			productReference = C4DE31CF2A4ADE4100BDD0D0 /* Travel Book.app */;
			productType = "com.apple.product-type.application";
		};
/* End PBXNativeTarget section */

/* Begin PBXProject section */
		C4DE31C72A4ADE4100BDD0D0 /* Project object */ = {
			isa = PBXProject;
			attributes = {
				BuildIndependentTargetsInParallel = 1;
				LastSwiftUpdateCheck = 1340;
				LastUpgradeCheck = 1340;
				TargetAttributes = {
					C4DE31CE2A4ADE4100BDD0D0 = {
						CreatedOnToolsVersion = 13.4.1;
					};
				};
			};
			buildConfigurationList = C4DE31CA2A4ADE4100BDD0D0 /* Build configuration list for PBXProject "Travel Book" */;
			compatibilityVersion = "Xcode 13.0";
			developmentRegion = en;
			hasScannedForEncodings = 0;
			knownRegions = (
				en,
				Base,
			);
			mainGroup = C4DE31C62A4ADE4100BDD0D0;
			productRefGroup = C4DE31D02A4ADE4100BDD0D0 /* Products */;
			projectDirPath = "";
			projectRoot = "";
			targets = (
				C4DE31CE2A4ADE4100BDD0D0 /* Travel Book */,
			);
		};
/* End PBXProject section */

/* Begin PBXResourcesBuildPhase section */
		C4DE31CD2A4ADE4100BDD0D0 /* Resources */ = {
			isa = PBXResourcesBuildPhase;
			buildActionMask = 2147483647;
			files = (
				C4DE31E22A4ADE4200BDD0D0 /* LaunchScreen.storyboard in Resources */,
				C4DE31DF2A4ADE4200BDD0D0 /* Assets.xcassets in Resources */,
				C4DE31DA2A4ADE4100BDD0D0 /* Main.storyboard in Resources */,
			);
			runOnlyForDeploymentPostprocessing = 0;
		};
/* End PBXResourcesBuildPhase section */

/* Begin PBXSourcesBuildPhase section */
		C4DE31CB2A4ADE4100BDD0D0 /* Sources */ = {
			isa = PBXSourcesBuildPhase;
			buildActionMask = 2147483647;
			files = (
				C4DE31DD2A4ADE4100BDD0D0 /* Travel_Book.xcdatamodeld in Sources */,
				C4DE31D72A4ADE4100BDD0D0 /* ViewController.swift in Sources */,
				C4DE31D32A4ADE4100BDD0D0 /* AppDelegate.swift in Sources */,
				C4DE31D52A4ADE4100BDD0D0 /* SceneDelegate.swift in Sources */,
				C472F57A2A6D30A2007AC830 /* tableViewController.swift in Sources */,
			);
			runOnlyForDeploymentPostprocessing = 0;
		};
/* End PBXSourcesBuildPhase section */

/* Begin PBXVariantGroup section */
		C4DE31D82A4ADE4100BDD0D0 /* Main.storyboard */ = {
			isa = PBXVariantGroup;
			children = (
				C4DE31D92A4ADE4100BDD0D0 /* Base */,
			);
			name = Main.storyboard;
			sourceTree = "<group>";
		};
		C4DE31E02A4ADE4200BDD0D0 /* LaunchScreen.storyboard */ = {
			isa = PBXVariantGroup;
			children = (
				C4DE31E12A4ADE4200BDD0D0 /* Base */,
			);
			name = LaunchScreen.storyboard;
			sourceTree = "<group>";
		};
/* End PBXVariantGroup section */

/* Begin XCBuildConfiguration section */
		C4DE31E42A4ADE4200BDD0D0 /* Debug */ = {
			isa = XCBuildConfiguration;
			buildSettings = {
				ALWAYS_SEARCH_USER_PATHS = NO;
				CLANG_ANALYZER_NONNULL = YES;
				CLANG_ANALYZER_NUMBER_OBJECT_CONVERSION = YES_AGGRESSIVE;
				CLANG_CXX_LANGUAGE_STANDARD = "gnu++17";
				CLANG_ENABLE_MODULES = YES;
				CLANG_ENABLE_OBJC_ARC = YES;
				CLANG_ENABLE_OBJC_WEAK = YES;
				CLANG_WARN_BLOCK_CAPTURE_AUTORELEASING = YES;
				CLANG_WARN_BOOL_CONVERSION = YES;
				CLANG_WARN_COMMA = YES;
				CLANG_WARN_CONSTANT_CONVERSION = YES;
				CLANG_WARN_DEPRECATED_OBJC_IMPLEMENTATIONS = YES;
				CLANG_WARN_DIRECT_OBJC_ISA_USAGE = YES_ERROR;
				CLANG_WARN_DOCUMENTATION_COMMENTS = YES;
				CLANG_WARN_EMPTY_BODY = YES;
				CLANG_WARN_ENUM_CONVERSION = YES;
				CLANG_WARN_INFINITE_RECURSION = YES;
				CLANG_WARN_INT_CONVERSION = YES;
				CLANG_WARN_NON_LITERAL_NULL_CONVERSION = YES;
				CLANG_WARN_OBJC_IMPLICIT_RETAIN_SELF = YES;
				CLANG_WARN_OBJC_LITERAL_CONVERSION = YES;
				CLANG_WARN_OBJC_ROOT_CLASS = YES_ERROR;
				CLANG_WARN_QUOTED_INCLUDE_IN_FRAMEWORK_HEADER = YES;
				CLANG_WARN_RANGE_LOOP_ANALYSIS = YES;
				CLANG_WARN_STRICT_PROTOTYPES = YES;
				CLANG_WARN_SUSPICIOUS_MOVE = YES;
				CLANG_WARN_UNGUARDED_AVAILABILITY = YES_AGGRESSIVE;
				CLANG_WARN_UNREACHABLE_CODE = YES;
				CLANG_WARN__DUPLICATE_METHOD_MATCH = YES;
				COPY_PHASE_STRIP = NO;
				DEBUG_INFORMATION_FORMAT = dwarf;
				ENABLE_STRICT_OBJC_MSGSEND = YES;
				ENABLE_TESTABILITY = YES;
				GCC_C_LANGUAGE_STANDARD = gnu11;
				GCC_DYNAMIC_NO_PIC = NO;
				GCC_NO_COMMON_BLOCKS = YES;
				GCC_OPTIMIZATION_LEVEL = 0;
				GCC_PREPROCESSOR_DEFINITIONS = (
					"DEBUG=1",
					"$(inherited)",
				);
				GCC_WARN_64_TO_32_BIT_CONVERSION = YES;
				GCC_WARN_ABOUT_RETURN_TYPE = YES_ERROR;
				GCC_WARN_UNDECLARED_SELECTOR = YES;
				GCC_WARN_UNINITIALIZED_AUTOS = YES_AGGRESSIVE;
				GCC_WARN_UNUSED_FUNCTION = YES;
				GCC_WARN_UNUSED_VARIABLE = YES;
				IPHONEOS_DEPLOYMENT_TARGET = 15.5;
				MTL_ENABLE_DEBUG_INFO = INCLUDE_SOURCE;
				MTL_FAST_MATH = YES;
				ONLY_ACTIVE_ARCH = YES;
				SDKROOT = iphoneos;
				SWIFT_ACTIVE_COMPILATION_CONDITIONS = DEBUG;
				SWIFT_OPTIMIZATION_LEVEL = "-Onone";
			};
			name = Debug;
		};
		C4DE31E52A4ADE4200BDD0D0 /* Release */ = {
			isa = XCBuildConfiguration;
			buildSettings = {
				ALWAYS_SEARCH_USER_PATHS = NO;
				CLANG_ANALYZER_NONNULL = YES;
				CLANG_ANALYZER_NUMBER_OBJECT_CONVERSION = YES_AGGRESSIVE;
				CLANG_CXX_LANGUAGE_STANDARD = "gnu++17";
				CLANG_ENABLE_MODULES = YES;
				CLANG_ENABLE_OBJC_ARC = YES;
				CLANG_ENABLE_OBJC_WEAK = YES;
				CLANG_WARN_BLOCK_CAPTURE_AUTORELEASING = YES;
				CLANG_WARN_BOOL_CONVERSION = YES;
				CLANG_WARN_COMMA = YES;
				CLANG_WARN_CONSTANT_CONVERSION = YES;
				CLANG_WARN_DEPRECATED_OBJC_IMPLEMENTATIONS = YES;
				CLANG_WARN_DIRECT_OBJC_ISA_USAGE = YES_ERROR;
				CLANG_WARN_DOCUMENTATION_COMMENTS = YES;
				CLANG_WARN_EMPTY_BODY = YES;
				CLANG_WARN_ENUM_CONVERSION = YES;
				CLANG_WARN_INFINITE_RECURSION = YES;
				CLANG_WARN_INT_CONVERSION = YES;
				CLANG_WARN_NON_LITERAL_NULL_CONVERSION = YES;
				CLANG_WARN_OBJC_IMPLICIT_RETAIN_SELF = YES;
				CLANG_WARN_OBJC_LITERAL_CONVERSION = YES;
				CLANG_WARN_OBJC_ROOT_CLASS = YES_ERROR;
				CLANG_WARN_QUOTED_INCLUDE_IN_FRAMEWORK_HEADER = YES;
				CLANG_WARN_RANGE_LOOP_ANALYSIS = YES;
				CLANG_WARN_STRICT_PROTOTYPES = YES;
				CLANG_WARN_SUSPICIOUS_MOVE = YES;
				CLANG_WARN_UNGUARDED_AVAILABILITY = YES_AGGRESSIVE;
				CLANG_WARN_UNREACHABLE_CODE = YES;
				CLANG_WARN__DUPLICATE_METHOD_MATCH = YES;
				COPY_PHASE_STRIP = NO;
				DEBUG_INFORMATION_FORMAT = "dwarf-with-dsym";
				ENABLE_NS_ASSERTIONS = NO;
				ENABLE_STRICT_OBJC_MSGSEND = YES;
				GCC_C_LANGUAGE_STANDARD = gnu11;
				GCC_NO_COMMON_BLOCKS = YES;
				GCC_WARN_64_TO_32_BIT_CONVERSION = YES;
				GCC_WARN_ABOUT_RETURN_TYPE = YES_ERROR;
				GCC_WARN_UNDECLARED_SELECTOR = YES;
				GCC_WARN_UNINITIALIZED_AUTOS = YES_AGGRESSIVE;
				GCC_WARN_UNUSED_FUNCTION = YES;
				GCC_WARN_UNUSED_VARIABLE = YES;
				IPHONEOS_DEPLOYMENT_TARGET = 15.5;
				MTL_ENABLE_DEBUG_INFO = NO;
				MTL_FAST_MATH = YES;
				SDKROOT = iphoneos;
				SWIFT_COMPILATION_MODE = wholemodule;
				SWIFT_OPTIMIZATION_LEVEL = "-O";
				VALIDATE_PRODUCT = YES;
			};
			name = Release;
		};
		C4DE31E72A4ADE4200BDD0D0 /* Debug */ = {
			isa = XCBuildConfiguration;
			buildSettings = {
				ASSETCATALOG_COMPILER_APPICON_NAME = AppIcon;
				ASSETCATALOG_COMPILER_GLOBAL_ACCENT_COLOR_NAME = AccentColor;
				CODE_SIGN_STYLE = Automatic;
				CURRENT_PROJECT_VERSION = 1;
				GENERATE_INFOPLIST_FILE = YES;
				INFOPLIST_FILE = "Travel Book/Info.plist";
				INFOPLIST_KEY_UIApplicationSupportsIndirectInputEvents = YES;
				INFOPLIST_KEY_UILaunchStoryboardName = LaunchScreen;
				INFOPLIST_KEY_UIMainStoryboardFile = Main;
				INFOPLIST_KEY_UISupportedInterfaceOrientations_iPad = "UIInterfaceOrientationPortrait UIInterfaceOrientationPortraitUpsideDown UIInterfaceOrientationLandscapeLeft UIInterfaceOrientationLandscapeRight";
				INFOPLIST_KEY_UISupportedInterfaceOrientations_iPhone = "UIInterfaceOrientationPortrait UIInterfaceOrientationLandscapeLeft UIInterfaceOrientationLandscapeRight";
				LD_RUNPATH_SEARCH_PATHS = (
					"$(inherited)",
					"@executable_path/Frameworks",
				);
				MARKETING_VERSION = 1.0;
				PRODUCT_BUNDLE_IDENTIFIER = "klev.Travel-Book";
				PRODUCT_NAME = "$(TARGET_NAME)";
				SWIFT_EMIT_LOC_STRINGS = YES;
				SWIFT_VERSION = 5.0;
				TARGETED_DEVICE_FAMILY = "1,2";
			};
			name = Debug;
		};
		C4DE31E82A4ADE4200BDD0D0 /* Release */ = {
			isa = XCBuildConfiguration;
			buildSettings = {
				ASSETCATALOG_COMPILER_APPICON_NAME = AppIcon;
				ASSETCATALOG_COMPILER_GLOBAL_ACCENT_COLOR_NAME = AccentColor;
				CODE_SIGN_STYLE = Automatic;
				CURRENT_PROJECT_VERSION = 1;
				GENERATE_INFOPLIST_FILE = YES;
				INFOPLIST_FILE = "Travel Book/Info.plist";
				INFOPLIST_KEY_UIApplicationSupportsIndirectInputEvents = YES;
				INFOPLIST_KEY_UILaunchStoryboardName = LaunchScreen;
				INFOPLIST_KEY_UIMainStoryboardFile = Main;
				INFOPLIST_KEY_UISupportedInterfaceOrientations_iPad = "UIInterfaceOrientationPortrait UIInterfaceOrientationPortraitUpsideDown UIInterfaceOrientationLandscapeLeft UIInterfaceOrientationLandscapeRight";
				INFOPLIST_KEY_UISupportedInterfaceOrientations_iPhone = "UIInterfaceOrientationPortrait UIInterfaceOrientationLandscapeLeft UIInterfaceOrientationLandscapeRight";
				LD_RUNPATH_SEARCH_PATHS = (
					"$(inherited)",
					"@executable_path/Frameworks",
				);
				MARKETING_VERSION = 1.0;
				PRODUCT_BUNDLE_IDENTIFIER = "klev.Travel-Book";
				PRODUCT_NAME = "$(TARGET_NAME)";
				SWIFT_EMIT_LOC_STRINGS = YES;
				SWIFT_VERSION = 5.0;
				TARGETED_DEVICE_FAMILY = "1,2";
			};
			name = Release;
		};
/* End XCBuildConfiguration section */

/* Begin XCConfigurationList section */
		C4DE31CA2A4ADE4100BDD0D0 /* Build configuration list for PBXProject "Travel Book" */ = {
			isa = XCConfigurationList;
			buildConfigurations = (
				C4DE31E42A4ADE4200BDD0D0 /* Debug */,
				C4DE31E52A4ADE4200BDD0D0 /* Release */,
			);
			defaultConfigurationIsVisible = 0;
			defaultConfigurationName = Release;
		};
		C4DE31E62A4ADE4200BDD0D0 /* Build configuration list for PBXNativeTarget "Travel Book" */ = {
			isa = XCConfigurationList;
			buildConfigurations = (
				C4DE31E72A4ADE4200BDD0D0 /* Debug */,
				C4DE31E82A4ADE4200BDD0D0 /* Release */,
			);
			defaultConfigurationIsVisible = 0;
			defaultConfigurationName = Release;
		};
/* End XCConfigurationList section */

/* Begin XCVersionGroup section */
		C4DE31DB2A4ADE4100BDD0D0 /* Travel_Book.xcdatamodeld */ = {
			isa = XCVersionGroup;
			children = (
				C4DE31DC2A4ADE4100BDD0D0 /* Travel_Book.xcdatamodel */,
			);
			currentVersion = C4DE31DC2A4ADE4100BDD0D0 /* Travel_Book.xcdatamodel */;
			path = Travel_Book.xcdatamodeld;
			sourceTree = "<group>";
			versionGroupType = wrapper.xcdatamodel;
		};
/* End XCVersionGroup section */
	};
	rootObject = C4DE31C72A4ADE4100BDD0D0 /* Project object */;
}
